
Microsoft Visual Studio Solution File, Format Version 12.00
# Visual Studio 15
VisualStudioVersion = 15.0.26430.16
MinimumVisualStudioVersion = 10.0.40219.1
Project("{FAE04EC0-301F-11D3-BF4B-00C04F79EFBC}") = "NewEntity", "NewEntity\NewEntity.csproj", "{AFB69EC3-5235-47C3-91F8-DE91C46C6D04}"
EndProject
Project("{FAE04EC0-301F-11D3-BF4B-00C04F79EFBC}") = "NewEntityInterface", "NewEntityInterface\NewEntityInterface.csproj", "{31EDDDF3-EC14-4201-A484-100971DDD7B7}"
EndProject
Global
	GlobalSection(SolutionConfigurationPlatforms) = preSolution
		Debug|Any CPU = Debug|Any CPU
		Release|Any CPU = Release|Any CPU
	EndGlobalSection
	GlobalSection(ProjectConfigurationPlatforms) = postSolution
		{AFB69EC3-5235-47C3-91F8-DE91C46C6D04}.Debug|Any CPU.ActiveCfg = Debug|Any CPU
		{AFB69EC3-5235-47C3-91F8-DE91C46C6D04}.Debug|Any CPU.Build.0 = Debug|Any CPU
		{AFB69EC3-5235-47C3-91F8-DE91C46C6D04}.Release|Any CPU.ActiveCfg = Release|Any CPU
		{AFB69EC3-5235-47C3-91F8-DE91C46C6D04}.Release|Any CPU.Build.0 = Release|Any CPU
		{31EDDDF3-EC14-4201-A484-100971DDD7B7}.Debug|Any CPU.ActiveCfg = Debug|Any CPU
		{31EDDDF3-EC14-4201-A484-100971DDD7B7}.Debug|Any CPU.Build.0 = Debug|Any CPU
		{31EDDDF3-EC14-4201-A484-100971DDD7B7}.Release|Any CPU.ActiveCfg = Release|Any CPU
		{31EDDDF3-EC14-4201-A484-100971DDD7B7}.Release|Any CPU.Build.0 = Release|Any CPU
	EndGlobalSection
	GlobalSection(SolutionProperties) = preSolution
		HideSolutionNode = FALSE
	EndGlobalSection
EndGlobal
