
Microsoft Visual Studio Solution File, Format Version 12.00
# Visual Studio 14
VisualStudioVersion = 14.0.25420.1
MinimumVisualStudioVersion = 10.0.40219.1
Project("{2150E333-8FDC-42A3-9474-1A3956D46DE8}") = "Interfaces", "Interfaces", "{DCDDC0C1-F67C-4A01-A354-2F62C5FD496D}"
EndProject
Project("{2150E333-8FDC-42A3-9474-1A3956D46DE8}") = "Repositories", "Repositories", "{7A7C9DC4-B47F-40CC-992A-C113DCA8A161}"
EndProject
Project("{2150E333-8FDC-42A3-9474-1A3956D46DE8}") = "WebServices", "WebServices", "{27C3026B-DA20-4986-8924-94EE052935A4}"
EndProject
Project("{2150E333-8FDC-42A3-9474-1A3956D46DE8}") = "Services", "Services", "{FB77673B-3541-4880-A63C-46395C7B5DFD}"
EndProject
Project("{FAE04EC0-301F-11D3-BF4B-00C04F79EFBC}") = "Interfaces.User", "Interfaces.User\Interfaces.User.csproj", "{222278D6-81F4-4BE6-973B-6D534DE47E8E}"
EndProject
Project("{FAE04EC0-301F-11D3-BF4B-00C04F79EFBC}") = "WebServices.User", "WebServices.User\WebServices.User.csproj", "{37FB5728-AB6D-4B78-9A1E-D9B1901E4C92}"
	ProjectSection(ProjectDependencies) = postProject
		{BB1F79B0-3836-45F9-B3C6-732A1D56BC64} = {BB1F79B0-3836-45F9-B3C6-732A1D56BC64}
	EndProjectSection
EndProject
Project("{FAE04EC0-301F-11D3-BF4B-00C04F79EFBC}") = "Repository.Common", "Repository.Common\Repository.Common.csproj", "{4952293D-0EEC-4772-8854-4FE0F818CC92}"
EndProject
Project("{FAE04EC0-301F-11D3-BF4B-00C04F79EFBC}") = "Interfaces.Common", "Interfaces.Common\Interfaces.Common.csproj", "{0A228DCF-0770-433D-A2BE-6AE9993C7109}"
EndProject
Project("{FAE04EC0-301F-11D3-BF4B-00C04F79EFBC}") = "WebServices.Common", "WebServices.Common\WebServices.Common.csproj", "{54423E2D-C8F8-4C5E-A7C9-F7C4F358139B}"
EndProject
Project("{FAE04EC0-301F-11D3-BF4B-00C04F79EFBC}") = "Services.Common", "Services.Common\Services.Common.csproj", "{7D0DF978-26C0-4E12-A23E-13C21D213631}"
EndProject
Project("{FAE04EC0-301F-11D3-BF4B-00C04F79EFBC}") = "Services.User", "Services.User\Services.User.csproj", "{2977ED71-1E02-4C18-9648-6FFE33F06312}"
EndProject
Project("{2150E333-8FDC-42A3-9474-1A3956D46DE8}") = "Sql", "Sql", "{18B03637-2A3D-45A1-89F9-DE53B5104495}"
EndProject
Project("{FAE04EC0-301F-11D3-BF4B-00C04F79EFBC}") = "WebServices.Main", "WebServices.Main\WebServices.Main.csproj", "{BB1F79B0-3836-45F9-B3C6-732A1D56BC64}"
EndProject
Project("{FAE04EC0-301F-11D3-BF4B-00C04F79EFBC}") = "Interfaces.UserType", "Interfaces.UserType\Interfaces.UserType.csproj", "{4A880844-E629-4F2E-947E-5CB608249B75}"
EndProject
Project("{FAE04EC0-301F-11D3-BF4B-00C04F79EFBC}") = "Services.UserType", "Services.UserType\Services.UserType.csproj", "{7C93EFE7-E893-43DB-8B96-AAB63A8CB32D}"
EndProject
Project("{FAE04EC0-301F-11D3-BF4B-00C04F79EFBC}") = "WebServices.UserType", "WebServices.UserType\WebServices.UserType.csproj", "{B7388648-D806-43AC-B7D6-9B6CB7531AAD}"
	ProjectSection(ProjectDependencies) = postProject
		{BB1F79B0-3836-45F9-B3C6-732A1D56BC64} = {BB1F79B0-3836-45F9-B3C6-732A1D56BC64}
	EndProjectSection
EndProject
Project("{2150E333-8FDC-42A3-9474-1A3956D46DE8}") = "Referenceable", "Referenceable", "{10050584-2309-4B6F-9C79-01127BC582AD}"
EndProject
Project("{FAE04EC0-301F-11D3-BF4B-00C04F79EFBC}") = "Interfaces.UserToUserType", "Interfaces.UserToUserType\Interfaces.UserToUserType.csproj", "{634E3B8C-12DF-4C82-B695-5AFCAA8A5755}"
EndProject
Project("{FAE04EC0-301F-11D3-BF4B-00C04F79EFBC}") = "Services.UserToUserType", "Services.UserToUserType\Services.UserToUserType.csproj", "{3CD7046A-A57D-4B4A-8DF4-EB4443D3D22A}"
EndProject
Project("{FAE04EC0-301F-11D3-BF4B-00C04F79EFBC}") = "WebServices.UserToUserType", "WebServices.UserToUserType\WebServices.UserToUserType.csproj", "{4ABB6A6C-F436-4B93-9B16-6CC3CB8F14BA}"
	ProjectSection(ProjectDependencies) = postProject
		{BB1F79B0-3836-45F9-B3C6-732A1D56BC64} = {BB1F79B0-3836-45F9-B3C6-732A1D56BC64}
	EndProjectSection
EndProject
Global
	GlobalSection(SolutionConfigurationPlatforms) = preSolution
		Debug|Any CPU = Debug|Any CPU
		Release|Any CPU = Release|Any CPU
	EndGlobalSection
	GlobalSection(ProjectConfigurationPlatforms) = postSolution
		{222278D6-81F4-4BE6-973B-6D534DE47E8E}.Debug|Any CPU.ActiveCfg = Debug|Any CPU
		{222278D6-81F4-4BE6-973B-6D534DE47E8E}.Debug|Any CPU.Build.0 = Debug|Any CPU
		{222278D6-81F4-4BE6-973B-6D534DE47E8E}.Release|Any CPU.ActiveCfg = Release|Any CPU
		{222278D6-81F4-4BE6-973B-6D534DE47E8E}.Release|Any CPU.Build.0 = Release|Any CPU
		{37FB5728-AB6D-4B78-9A1E-D9B1901E4C92}.Debug|Any CPU.ActiveCfg = Debug|Any CPU
		{37FB5728-AB6D-4B78-9A1E-D9B1901E4C92}.Debug|Any CPU.Build.0 = Debug|Any CPU
		{37FB5728-AB6D-4B78-9A1E-D9B1901E4C92}.Release|Any CPU.ActiveCfg = Release|Any CPU
		{37FB5728-AB6D-4B78-9A1E-D9B1901E4C92}.Release|Any CPU.Build.0 = Release|Any CPU
		{4952293D-0EEC-4772-8854-4FE0F818CC92}.Debug|Any CPU.ActiveCfg = Debug|Any CPU
		{4952293D-0EEC-4772-8854-4FE0F818CC92}.Debug|Any CPU.Build.0 = Debug|Any CPU
		{4952293D-0EEC-4772-8854-4FE0F818CC92}.Release|Any CPU.ActiveCfg = Release|Any CPU
		{4952293D-0EEC-4772-8854-4FE0F818CC92}.Release|Any CPU.Build.0 = Release|Any CPU
		{0A228DCF-0770-433D-A2BE-6AE9993C7109}.Debug|Any CPU.ActiveCfg = Debug|Any CPU
		{0A228DCF-0770-433D-A2BE-6AE9993C7109}.Debug|Any CPU.Build.0 = Debug|Any CPU
		{0A228DCF-0770-433D-A2BE-6AE9993C7109}.Release|Any CPU.ActiveCfg = Release|Any CPU
		{0A228DCF-0770-433D-A2BE-6AE9993C7109}.Release|Any CPU.Build.0 = Release|Any CPU
		{54423E2D-C8F8-4C5E-A7C9-F7C4F358139B}.Debug|Any CPU.ActiveCfg = Debug|Any CPU
		{54423E2D-C8F8-4C5E-A7C9-F7C4F358139B}.Debug|Any CPU.Build.0 = Debug|Any CPU
		{54423E2D-C8F8-4C5E-A7C9-F7C4F358139B}.Release|Any CPU.ActiveCfg = Release|Any CPU
		{54423E2D-C8F8-4C5E-A7C9-F7C4F358139B}.Release|Any CPU.Build.0 = Release|Any CPU
		{7D0DF978-26C0-4E12-A23E-13C21D213631}.Debug|Any CPU.ActiveCfg = Debug|Any CPU
		{7D0DF978-26C0-4E12-A23E-13C21D213631}.Debug|Any CPU.Build.0 = Debug|Any CPU
		{7D0DF978-26C0-4E12-A23E-13C21D213631}.Release|Any CPU.ActiveCfg = Release|Any CPU
		{7D0DF978-26C0-4E12-A23E-13C21D213631}.Release|Any CPU.Build.0 = Release|Any CPU
		{2977ED71-1E02-4C18-9648-6FFE33F06312}.Debug|Any CPU.ActiveCfg = Debug|Any CPU
		{2977ED71-1E02-4C18-9648-6FFE33F06312}.Debug|Any CPU.Build.0 = Debug|Any CPU
		{2977ED71-1E02-4C18-9648-6FFE33F06312}.Release|Any CPU.ActiveCfg = Release|Any CPU
		{2977ED71-1E02-4C18-9648-6FFE33F06312}.Release|Any CPU.Build.0 = Release|Any CPU
		{BB1F79B0-3836-45F9-B3C6-732A1D56BC64}.Debug|Any CPU.ActiveCfg = Debug|Any CPU
		{BB1F79B0-3836-45F9-B3C6-732A1D56BC64}.Debug|Any CPU.Build.0 = Debug|Any CPU
		{BB1F79B0-3836-45F9-B3C6-732A1D56BC64}.Release|Any CPU.ActiveCfg = Release|Any CPU
		{BB1F79B0-3836-45F9-B3C6-732A1D56BC64}.Release|Any CPU.Build.0 = Release|Any CPU
		{4A880844-E629-4F2E-947E-5CB608249B75}.Debug|Any CPU.ActiveCfg = Debug|Any CPU
		{4A880844-E629-4F2E-947E-5CB608249B75}.Debug|Any CPU.Build.0 = Debug|Any CPU
		{4A880844-E629-4F2E-947E-5CB608249B75}.Release|Any CPU.ActiveCfg = Release|Any CPU
		{4A880844-E629-4F2E-947E-5CB608249B75}.Release|Any CPU.Build.0 = Release|Any CPU
		{7C93EFE7-E893-43DB-8B96-AAB63A8CB32D}.Debug|Any CPU.ActiveCfg = Debug|Any CPU
		{7C93EFE7-E893-43DB-8B96-AAB63A8CB32D}.Debug|Any CPU.Build.0 = Debug|Any CPU
		{7C93EFE7-E893-43DB-8B96-AAB63A8CB32D}.Release|Any CPU.ActiveCfg = Release|Any CPU
		{7C93EFE7-E893-43DB-8B96-AAB63A8CB32D}.Release|Any CPU.Build.0 = Release|Any CPU
		{B7388648-D806-43AC-B7D6-9B6CB7531AAD}.Debug|Any CPU.ActiveCfg = Debug|Any CPU
		{B7388648-D806-43AC-B7D6-9B6CB7531AAD}.Debug|Any CPU.Build.0 = Debug|Any CPU
		{B7388648-D806-43AC-B7D6-9B6CB7531AAD}.Release|Any CPU.ActiveCfg = Release|Any CPU
		{B7388648-D806-43AC-B7D6-9B6CB7531AAD}.Release|Any CPU.Build.0 = Release|Any CPU
		{634E3B8C-12DF-4C82-B695-5AFCAA8A5755}.Debug|Any CPU.ActiveCfg = Debug|Any CPU
		{634E3B8C-12DF-4C82-B695-5AFCAA8A5755}.Debug|Any CPU.Build.0 = Debug|Any CPU
		{634E3B8C-12DF-4C82-B695-5AFCAA8A5755}.Release|Any CPU.ActiveCfg = Release|Any CPU
		{634E3B8C-12DF-4C82-B695-5AFCAA8A5755}.Release|Any CPU.Build.0 = Release|Any CPU
		{3CD7046A-A57D-4B4A-8DF4-EB4443D3D22A}.Debug|Any CPU.ActiveCfg = Debug|Any CPU
		{3CD7046A-A57D-4B4A-8DF4-EB4443D3D22A}.Debug|Any CPU.Build.0 = Debug|Any CPU
		{3CD7046A-A57D-4B4A-8DF4-EB4443D3D22A}.Release|Any CPU.ActiveCfg = Release|Any CPU
		{3CD7046A-A57D-4B4A-8DF4-EB4443D3D22A}.Release|Any CPU.Build.0 = Release|Any CPU
		{4ABB6A6C-F436-4B93-9B16-6CC3CB8F14BA}.Debug|Any CPU.ActiveCfg = Debug|Any CPU
		{4ABB6A6C-F436-4B93-9B16-6CC3CB8F14BA}.Debug|Any CPU.Build.0 = Debug|Any CPU
		{4ABB6A6C-F436-4B93-9B16-6CC3CB8F14BA}.Release|Any CPU.ActiveCfg = Release|Any CPU
		{4ABB6A6C-F436-4B93-9B16-6CC3CB8F14BA}.Release|Any CPU.Build.0 = Release|Any CPU
	EndGlobalSection
	GlobalSection(SolutionProperties) = preSolution
		HideSolutionNode = FALSE
	EndGlobalSection
	GlobalSection(NestedProjects) = preSolution
		{DCDDC0C1-F67C-4A01-A354-2F62C5FD496D} = {10050584-2309-4B6F-9C79-01127BC582AD}
		{FB77673B-3541-4880-A63C-46395C7B5DFD} = {10050584-2309-4B6F-9C79-01127BC582AD}
		{222278D6-81F4-4BE6-973B-6D534DE47E8E} = {DCDDC0C1-F67C-4A01-A354-2F62C5FD496D}
		{37FB5728-AB6D-4B78-9A1E-D9B1901E4C92} = {27C3026B-DA20-4986-8924-94EE052935A4}
		{4952293D-0EEC-4772-8854-4FE0F818CC92} = {18B03637-2A3D-45A1-89F9-DE53B5104495}
		{0A228DCF-0770-433D-A2BE-6AE9993C7109} = {DCDDC0C1-F67C-4A01-A354-2F62C5FD496D}
		{54423E2D-C8F8-4C5E-A7C9-F7C4F358139B} = {27C3026B-DA20-4986-8924-94EE052935A4}
		{7D0DF978-26C0-4E12-A23E-13C21D213631} = {FB77673B-3541-4880-A63C-46395C7B5DFD}
		{2977ED71-1E02-4C18-9648-6FFE33F06312} = {FB77673B-3541-4880-A63C-46395C7B5DFD}
		{18B03637-2A3D-45A1-89F9-DE53B5104495} = {7A7C9DC4-B47F-40CC-992A-C113DCA8A161}
		{BB1F79B0-3836-45F9-B3C6-732A1D56BC64} = {27C3026B-DA20-4986-8924-94EE052935A4}
		{4A880844-E629-4F2E-947E-5CB608249B75} = {DCDDC0C1-F67C-4A01-A354-2F62C5FD496D}
		{7C93EFE7-E893-43DB-8B96-AAB63A8CB32D} = {FB77673B-3541-4880-A63C-46395C7B5DFD}
		{B7388648-D806-43AC-B7D6-9B6CB7531AAD} = {27C3026B-DA20-4986-8924-94EE052935A4}
		{634E3B8C-12DF-4C82-B695-5AFCAA8A5755} = {DCDDC0C1-F67C-4A01-A354-2F62C5FD496D}
		{3CD7046A-A57D-4B4A-8DF4-EB4443D3D22A} = {FB77673B-3541-4880-A63C-46395C7B5DFD}
		{4ABB6A6C-F436-4B93-9B16-6CC3CB8F14BA} = {27C3026B-DA20-4986-8924-94EE052935A4}
	EndGlobalSection
EndGlobal
