
Microsoft Visual Studio Solution File, Format Version 12.00
# Visual Studio 15
VisualStudioVersion = 15.0.26430.16
MinimumVisualStudioVersion = 10.0.40219.1
Project("{FAE04EC0-301F-11D3-BF4B-00C04F79EFBC}") = "EntityAnywhere.Entity", "EntityAnywhere.Entity\EntityAnywhere.Entity.csproj", "{81E9B667-421A-4354-B781-9EDB6C92EC4F}"
EndProject
Project("{FAE04EC0-301F-11D3-BF4B-00C04F79EFBC}") = "EntityAnywhere.Interface", "EntityAnywhere.Interface\EntityAnywhere.Interface.csproj", "{9796AE37-D6B9-48B0-8A66-EE2AE2681278}"
EndProject
Project("{FAE04EC0-301F-11D3-BF4B-00C04F79EFBC}") = "EntityAnywhere.WebService", "EntityAnywhere.WebService\EntityAnywhere.WebService.csproj", "{DD914DEA-E7FF-4B38-8FFF-FB547D39BDEA}"
EndProject
Project("{FAE04EC0-301F-11D3-BF4B-00C04F79EFBC}") = "EntityAnywhere.EntityWizard", "EntityAnywhere.EntityWizard\EntityAnywhere.EntityWizard.csproj", "{B696C079-6ECB-4704-AB2C-3D703A6D5D21}"
EndProject
Project("{FAE04EC0-301F-11D3-BF4B-00C04F79EFBC}") = "EntityAnywhere.MultiProject", "EntityAnywhere.MultiProject\EntityAnywhere.MultiProject.csproj", "{00143442-9DDE-4CB6-B55D-0872918B6839}"
EndProject
Project("{FAE04EC0-301F-11D3-BF4B-00C04F79EFBC}") = "EntityAnywhere.EntityWizard.Tests", "EntityAnywhere.EntityWizard.Tests\EntityAnywhere.EntityWizard.Tests.csproj", "{9BF09D4D-FE0A-409E-B8ED-CF025472B28F}"
EndProject
Global
	GlobalSection(SolutionConfigurationPlatforms) = preSolution
		Debug|Any CPU = Debug|Any CPU
		Release|Any CPU = Release|Any CPU
	EndGlobalSection
	GlobalSection(ProjectConfigurationPlatforms) = postSolution
		{81E9B667-421A-4354-B781-9EDB6C92EC4F}.Debug|Any CPU.ActiveCfg = Debug|Any CPU
		{81E9B667-421A-4354-B781-9EDB6C92EC4F}.Debug|Any CPU.Build.0 = Debug|Any CPU
		{81E9B667-421A-4354-B781-9EDB6C92EC4F}.Release|Any CPU.ActiveCfg = Release|Any CPU
		{81E9B667-421A-4354-B781-9EDB6C92EC4F}.Release|Any CPU.Build.0 = Release|Any CPU
		{9796AE37-D6B9-48B0-8A66-EE2AE2681278}.Debug|Any CPU.ActiveCfg = Debug|Any CPU
		{9796AE37-D6B9-48B0-8A66-EE2AE2681278}.Debug|Any CPU.Build.0 = Debug|Any CPU
		{9796AE37-D6B9-48B0-8A66-EE2AE2681278}.Release|Any CPU.ActiveCfg = Release|Any CPU
		{9796AE37-D6B9-48B0-8A66-EE2AE2681278}.Release|Any CPU.Build.0 = Release|Any CPU
		{DD914DEA-E7FF-4B38-8FFF-FB547D39BDEA}.Debug|Any CPU.ActiveCfg = Debug|Any CPU
		{DD914DEA-E7FF-4B38-8FFF-FB547D39BDEA}.Debug|Any CPU.Build.0 = Debug|Any CPU
		{DD914DEA-E7FF-4B38-8FFF-FB547D39BDEA}.Release|Any CPU.ActiveCfg = Release|Any CPU
		{DD914DEA-E7FF-4B38-8FFF-FB547D39BDEA}.Release|Any CPU.Build.0 = Release|Any CPU
		{B696C079-6ECB-4704-AB2C-3D703A6D5D21}.Debug|Any CPU.ActiveCfg = Debug|Any CPU
		{B696C079-6ECB-4704-AB2C-3D703A6D5D21}.Debug|Any CPU.Build.0 = Debug|Any CPU
		{B696C079-6ECB-4704-AB2C-3D703A6D5D21}.Release|Any CPU.ActiveCfg = Release|Any CPU
		{B696C079-6ECB-4704-AB2C-3D703A6D5D21}.Release|Any CPU.Build.0 = Release|Any CPU
		{00143442-9DDE-4CB6-B55D-0872918B6839}.Debug|Any CPU.ActiveCfg = Debug|Any CPU
		{00143442-9DDE-4CB6-B55D-0872918B6839}.Debug|Any CPU.Build.0 = Debug|Any CPU
		{00143442-9DDE-4CB6-B55D-0872918B6839}.Release|Any CPU.ActiveCfg = Release|Any CPU
		{00143442-9DDE-4CB6-B55D-0872918B6839}.Release|Any CPU.Build.0 = Release|Any CPU
		{9BF09D4D-FE0A-409E-B8ED-CF025472B28F}.Debug|Any CPU.ActiveCfg = Debug|Any CPU
		{9BF09D4D-FE0A-409E-B8ED-CF025472B28F}.Debug|Any CPU.Build.0 = Debug|Any CPU
		{9BF09D4D-FE0A-409E-B8ED-CF025472B28F}.Release|Any CPU.ActiveCfg = Release|Any CPU
		{9BF09D4D-FE0A-409E-B8ED-CF025472B28F}.Release|Any CPU.Build.0 = Release|Any CPU
	EndGlobalSection
	GlobalSection(SolutionProperties) = preSolution
		HideSolutionNode = FALSE
	EndGlobalSection
	GlobalSection(ExtensibilityGlobals) = postSolution
		SolutionGuid = {D72E72EE-514E-4FAD-BFC4-CF86564572E5}
	EndGlobalSection
EndGlobal
