
Microsoft Visual Studio Solution File, Format Version 12.00
# Visual Studio 15
VisualStudioVersion = 15.0.26430.16
MinimumVisualStudioVersion = 10.0.40219.1
Project("{2150E333-8FDC-42A3-9474-1A3956D46DE8}") = "Interfaces", "Interfaces", "{DCDDC0C1-F67C-4A01-A354-2F62C5FD496D}"
EndProject
Project("{2150E333-8FDC-42A3-9474-1A3956D46DE8}") = "Repositories", "Repositories", "{7A7C9DC4-B47F-40CC-992A-C113DCA8A161}"
EndProject
Project("{2150E333-8FDC-42A3-9474-1A3956D46DE8}") = "WebServices.Wcf", "WebServices.Wcf", "{27C3026B-DA20-4986-8924-94EE052935A4}"
EndProject
Project("{2150E333-8FDC-42A3-9474-1A3956D46DE8}") = "Services", "Services", "{FB77673B-3541-4880-A63C-46395C7B5DFD}"
EndProject
Project("{FAE04EC0-301F-11D3-BF4B-00C04F79EFBC}") = "Interfaces.User", "Interfaces\Interfaces.User\Interfaces.User.csproj", "{222278D6-81F4-4BE6-973B-6D534DE47E8E}"
EndProject
Project("{FAE04EC0-301F-11D3-BF4B-00C04F79EFBC}") = "Repositories.Common", "Repositories\Repositories.Common\Repositories.Common.csproj", "{4952293D-0EEC-4772-8854-4FE0F818CC92}"
EndProject
Project("{FAE04EC0-301F-11D3-BF4B-00C04F79EFBC}") = "Interfaces.Common", "Interfaces\Interfaces.Common\Interfaces.Common.csproj", "{0A228DCF-0770-433D-A2BE-6AE9993C7109}"
EndProject
Project("{FAE04EC0-301F-11D3-BF4B-00C04F79EFBC}") = "WebServices.Common", "WebServices\WebServices.Common\WebServices.Common.csproj", "{54423E2D-C8F8-4C5E-A7C9-F7C4F358139B}"
EndProject
Project("{FAE04EC0-301F-11D3-BF4B-00C04F79EFBC}") = "Services.Common", "Services\Services.Common\Services.Common.csproj", "{1563AA30-4399-4E19-A661-02072E245F66}"
EndProject
Project("{FAE04EC0-301F-11D3-BF4B-00C04F79EFBC}") = "Services.User", "Services\Services.User\Services.User.csproj", "{2977ED71-1E02-4C18-9648-6FFE33F06312}"
EndProject
Project("{2150E333-8FDC-42A3-9474-1A3956D46DE8}") = "Sql", "Sql", "{18B03637-2A3D-45A1-89F9-DE53B5104495}"
EndProject
Project("{FAE04EC0-301F-11D3-BF4B-00C04F79EFBC}") = "WebServices.Main", "WebServices\WebServices.Main\WebServices.Main.csproj", "{BB1F79B0-3836-45F9-B3C6-732A1D56BC64}"
EndProject
Project("{FAE04EC0-301F-11D3-BF4B-00C04F79EFBC}") = "Interfaces.UserType", "Interfaces\Interfaces.UserType\Interfaces.UserType.csproj", "{4A880844-E629-4F2E-947E-5CB608249B75}"
EndProject
Project("{2150E333-8FDC-42A3-9474-1A3956D46DE8}") = "Referenceable", "Referenceable", "{10050584-2309-4B6F-9C79-01127BC582AD}"
EndProject
Project("{FAE04EC0-301F-11D3-BF4B-00C04F79EFBC}") = "Interfaces.Token", "Interfaces\Interfaces.Token\Interfaces.Token.csproj", "{50CB75A3-E903-40A9-BADC-BE6A836FDA90}"
EndProject
Project("{2150E333-8FDC-42A3-9474-1A3956D46DE8}") = "ServiceBehaviors", "ServiceBehaviors", "{7E78B03F-7CBF-497C-8A9F-88C1EC0CD180}"
EndProject
Project("{FAE04EC0-301F-11D3-BF4B-00C04F79EFBC}") = "Behaviors.HeaderValidation", "Behaviors\Behaviors.HeaderValidation\Behaviors.HeaderValidation.csproj", "{74C1AEDF-A491-4078-8246-3D4D7788BCF2}"
EndProject
Project("{FAE04EC0-301F-11D3-BF4B-00C04F79EFBC}") = "Interfaces.Authentication", "Interfaces\Interfaces.Authentication\Interfaces.Authentication.csproj", "{D8895FC7-868C-4C01-B5CF-66C2F1BA0D60}"
EndProject
Project("{FAE04EC0-301F-11D3-BF4B-00C04F79EFBC}") = "Services.Authentication", "Services\Services.Authentication\Services.Authentication.csproj", "{4F1824E2-427D-40EF-960C-4286203275DD}"
EndProject
Project("{2150E333-8FDC-42A3-9474-1A3956D46DE8}") = "Authenticators", "Authenticators", "{A41DC669-99DE-4351-A273-03A1D11E97B6}"
EndProject
Project("{FAE04EC0-301F-11D3-BF4B-00C04F79EFBC}") = "HeaderValidators.Token", "Authenticators\HeaderValidators.Token\HeaderValidators.Token.csproj", "{FF0C8677-9B8E-4F3B-8419-49C3098FA707}"
EndProject
Project("{FAE04EC0-301F-11D3-BF4B-00C04F79EFBC}") = "Authenticators.User", "Authenticators\Authenticators.User\Authenticators.User.csproj", "{B0BA508E-5A8E-4ADD-8B52-E24EA8F5BE80}"
EndProject
Project("{2150E333-8FDC-42A3-9474-1A3956D46DE8}") = "Misc", "Misc", "{2206DA89-1090-4AE1-AE90-8B93D419AD13}"
EndProject
Project("{FAE04EC0-301F-11D3-BF4B-00C04F79EFBC}") = "BusinessRules", "Misc\BusinessRules\BusinessRules.csproj", "{2CF2D0C5-B4CE-40A3-A1FA-E3BE27E2339D}"
EndProject
Project("{FAE04EC0-301F-11D3-BF4B-00C04F79EFBC}") = "Behaviors.ErrorHandler", "Behaviors\Behaviors.ErrorHandler\Behaviors.ErrorHandler.csproj", "{B87C3034-DD84-460C-A6E1-55C5D62F8E93}"
EndProject
Project("{FAE04EC0-301F-11D3-BF4B-00C04F79EFBC}") = "Interfaces.UserRole", "Interfaces\Interfaces.UserRole\Interfaces.UserRole.csproj", "{6D72B792-5126-47EF-A5BB-58552DEA11C7}"
EndProject
Project("{FAE04EC0-301F-11D3-BF4B-00C04F79EFBC}") = "Behaviors.RestEndpoint", "Behaviors\Behaviors.RestEndpoint\Behaviors.RestEndpoint.csproj", "{B6EFBAAE-39A6-44F4-AF2D-A47BF238CD91}"
EndProject
Project("{2150E333-8FDC-42A3-9474-1A3956D46DE8}") = "Entities", "Entities", "{7D3F3E32-B76A-4FA9-B535-943A9603C3E7}"
EndProject
Project("{FAE04EC0-301F-11D3-BF4B-00C04F79EFBC}") = "Entities.UserGroup", "Entities\Entities.UserGroup\Entities.UserGroup.csproj", "{C36AF01E-D689-49C0-B0C6-51C38DE14C6A}"
EndProject
Project("{FAE04EC0-301F-11D3-BF4B-00C04F79EFBC}") = "Entities.UserType", "Entities\Entities.UserType\Entities.UserType.csproj", "{E8042731-DA78-41FB-8CA6-61BD3938EBC1}"
EndProject
Project("{FAE04EC0-301F-11D3-BF4B-00C04F79EFBC}") = "Entities.UserRole", "Entities\Entities.UserRole\Entities.UserRole.csproj", "{6A875937-0058-45DD-92CC-342E86467C94}"
EndProject
Project("{FAE04EC0-301F-11D3-BF4B-00C04F79EFBC}") = "Entities.User", "Entities\Entities.User\Entities.User.csproj", "{671BDEAF-6C84-40F7-80EA-1735D623CF1E}"
EndProject
Project("{FAE04EC0-301F-11D3-BF4B-00C04F79EFBC}") = "Interfaces.UserGroup", "Interfaces\Interfaces.UserGroup\Interfaces.UserGroup.csproj", "{81DD92EA-596B-4DEE-A782-F239B78B9290}"
EndProject
Project("{FAE04EC0-301F-11D3-BF4B-00C04F79EFBC}") = "Entities.Token", "Entities\Entities.Token\Entities.Token.csproj", "{43F70F7F-50FC-4080-876C-EAB2825D27D1}"
EndProject
Project("{FAE04EC0-301F-11D3-BF4B-00C04F79EFBC}") = "Entities.Addendum", "Entities\Entities.Addendum\Entities.Addendum.csproj", "{3DDFE5B3-76E8-4503-9442-0D2A5179BBD4}"
EndProject
Project("{FAE04EC0-301F-11D3-BF4B-00C04F79EFBC}") = "Attributes.Common", "Misc\Attributes.Common\Attributes.Common.csproj", "{B8FB6E36-1760-4154-9C0A-4F7B6FC64E80}"
EndProject
Project("{2150E333-8FDC-42A3-9474-1A3956D46DE8}") = "EndpointBehaviors", "EndpointBehaviors", "{1952391A-9B0F-4F94-8518-D18DE2468356}"
EndProject
Project("{FAE04EC0-301F-11D3-BF4B-00C04F79EFBC}") = "HeaderValidators.BasicAuth", "Authenticators\HeaderValidators.BasicAuth\HeaderValidators.BasicAuth.csproj", "{C2C0F6EE-DBCE-40CB-858C-EB53749FA47B}"
EndProject
Project("{FAE04EC0-301F-11D3-BF4B-00C04F79EFBC}") = "Authenticators.ActiveDirectory", "Authenticators\Authenticators.ActiveDirectory\Authenticators.ActiveDirectory.csproj", "{DA13CD1B-B7F2-4208-918B-DEB9A6002A9A}"
EndProject
Project("{2150E333-8FDC-42A3-9474-1A3956D46DE8}") = "Custom", "Custom", "{5103FF57-B68B-41C2-9FC3-7B475689067E}"
EndProject
Project("{FAE04EC0-301F-11D3-BF4B-00C04F79EFBC}") = "WebServices.User", "WebServices\Custom\WebServices.User\WebServices.User.csproj", "{69CC8737-02DA-4523-A67A-A851AA33586E}"
EndProject
Project("{FAE04EC0-301F-11D3-BF4B-00C04F79EFBC}") = "WebServices.Authentication", "WebServices\Custom\WebServices.Authentication\WebServices.Authentication.csproj", "{7AA1310C-871F-429D-982C-1575508C69C1}"
EndProject
Project("{FAE04EC0-301F-11D3-BF4B-00C04F79EFBC}") = "HeaderValidators.NoAuth", "Authenticators\HeaderValidators.NoAuth\HeaderValidators.NoAuth.csproj", "{AACAF14A-A9B6-4806-BF13-CB0F1AACAFCB}"
EndProject
Project("{2150E333-8FDC-42A3-9474-1A3956D46DE8}") = "Clients", "Clients", "{39066219-42CD-488F-810C-7AA55308DBF9}"
EndProject
Project("{FAE04EC0-301F-11D3-BF4B-00C04F79EFBC}") = "Clients.Common", "Clients\Clients.Common\Clients.Common.csproj", "{0F2DABD2-F7D9-4CF6-A488-06AAB3B4C585}"
EndProject
Project("{2150E333-8FDC-42A3-9474-1A3956D46DE8}") = "tests", "tests", "{4E803CE7-7088-487D-AF69-BA2C63040527}"
EndProject
Project("{2150E333-8FDC-42A3-9474-1A3956D46DE8}") = "WebServices.Wcf", "WebServices.Wcf", "{D5C56F8B-C9A0-4DF8-BFCA-7F5B618AAFD8}"
EndProject
Project("{2150E333-8FDC-42A3-9474-1A3956D46DE8}") = "src", "src", "{E9D1D080-B9E3-4FD1-9A8A-BF756F2DA223}"
EndProject
Project("{2150E333-8FDC-42A3-9474-1A3956D46DE8}") = "Services", "Services", "{79EBD805-B605-497D-AF21-23E675DF829C}"
EndProject
Project("{2150E333-8FDC-42A3-9474-1A3956D46DE8}") = "Referenceable", "Referenceable", "{F1563F88-3D1B-49AD-BF8E-3F5D189C6223}"
EndProject
Project("{FAE04EC0-301F-11D3-BF4B-00C04F79EFBC}") = "Services.Common.Tests", "Services\Services.Common.Tests\Services.Common.Tests.csproj", "{E9F1CFC8-F4CF-4DAE-BE18-109717C719A9}"
EndProject
Project("{FAE04EC0-301F-11D3-BF4B-00C04F79EFBC}") = "Interfaces.UserGroupMembership", "Interfaces\Interfaces.UserGroupMembership\Interfaces.UserGroupMembership.csproj", "{D1256FE6-4018-428E-AAC7-33F6BFD47B8F}"
EndProject
Project("{FAE04EC0-301F-11D3-BF4B-00C04F79EFBC}") = "Interfaces.UserRoleMembership", "Interfaces\Interfaces.UserRoleMembership\Interfaces.UserRoleMembership.csproj", "{3C55ECF0-50C1-4A1A-B95A-7CEC1B398499}"
EndProject
Project("{FAE04EC0-301F-11D3-BF4B-00C04F79EFBC}") = "Entities.UserRoleMembership", "Entities\Entities.UserRoleMembership\Entities.UserRoleMembership.csproj", "{7A9AA737-1753-4D7C-B786-9A84A034813B}"
EndProject
Project("{FAE04EC0-301F-11D3-BF4B-00C04F79EFBC}") = "Entities.UserGroupMembership", "Entities\Entities.UserGroupMembership\Entities.UserGroupMembership.csproj", "{592507AF-77ED-4135-876B-52CBDD9F778B}"
EndProject
Project("{FAE04EC0-301F-11D3-BF4B-00C04F79EFBC}") = "Entities.UserTypeMap", "Entities\Entities.UserTypeMap\Entities.UserTypeMap.csproj", "{E71C8AA0-DFB3-4B0D-A9F2-66A2106FB941}"
EndProject
Project("{FAE04EC0-301F-11D3-BF4B-00C04F79EFBC}") = "Interfaces.UserTypeMap", "Interfaces\Interfaces.UserTypeMap\Interfaces.UserTypeMap.csproj", "{634E3B8C-12DF-4C82-B695-5AFCAA8A5755}"
EndProject
Project("{2150E333-8FDC-42A3-9474-1A3956D46DE8}") = "Behaviors", "Behaviors", "{BC784D41-9E6A-4FB0-9EF8-CDCBB19224BF}"
EndProject
Project("{FAE04EC0-301F-11D3-BF4B-00C04F79EFBC}") = "Behaviors.Common", "Behaviors\Behaviors.Common\Behaviors.Common.csproj", "{0CFF60BB-38E4-4C3C-8AB3-775EEEFB0ACE}"
EndProject
Project("{2150E333-8FDC-42A3-9474-1A3956D46DE8}") = "Behaviors", "Behaviors", "{DD5CFBF8-995C-4199-9943-E4951B951B15}"
EndProject
Project("{FAE04EC0-301F-11D3-BF4B-00C04F79EFBC}") = "Behaviors.RestEndpoint.Tests", "Behaviors\Behaviors.RestEndpoint.Tests\Behaviors.RestEndpoint.Tests.csproj", "{61B83E64-7AA3-407C-BDCD-042CB6FBED35}"
EndProject
Global
	GlobalSection(SolutionConfigurationPlatforms) = preSolution
		Debug|Any CPU = Debug|Any CPU
		DEV1|Any CPU = DEV1|Any CPU
		DEV2|Any CPU = DEV2|Any CPU
		Release|Any CPU = Release|Any CPU
	EndGlobalSection
	GlobalSection(ProjectConfigurationPlatforms) = postSolution
		{222278D6-81F4-4BE6-973B-6D534DE47E8E}.Debug|Any CPU.ActiveCfg = Debug|Any CPU
		{222278D6-81F4-4BE6-973B-6D534DE47E8E}.Debug|Any CPU.Build.0 = Debug|Any CPU
		{222278D6-81F4-4BE6-973B-6D534DE47E8E}.DEV1|Any CPU.ActiveCfg = Debug|Any CPU
		{222278D6-81F4-4BE6-973B-6D534DE47E8E}.DEV1|Any CPU.Build.0 = Debug|Any CPU
		{222278D6-81F4-4BE6-973B-6D534DE47E8E}.DEV2|Any CPU.ActiveCfg = Debug|Any CPU
		{222278D6-81F4-4BE6-973B-6D534DE47E8E}.DEV2|Any CPU.Build.0 = Debug|Any CPU
		{222278D6-81F4-4BE6-973B-6D534DE47E8E}.Release|Any CPU.ActiveCfg = Release|Any CPU
		{222278D6-81F4-4BE6-973B-6D534DE47E8E}.Release|Any CPU.Build.0 = Release|Any CPU
		{4952293D-0EEC-4772-8854-4FE0F818CC92}.Debug|Any CPU.ActiveCfg = Debug|Any CPU
		{4952293D-0EEC-4772-8854-4FE0F818CC92}.Debug|Any CPU.Build.0 = Debug|Any CPU
		{4952293D-0EEC-4772-8854-4FE0F818CC92}.DEV1|Any CPU.ActiveCfg = Debug|Any CPU
		{4952293D-0EEC-4772-8854-4FE0F818CC92}.DEV1|Any CPU.Build.0 = Debug|Any CPU
		{4952293D-0EEC-4772-8854-4FE0F818CC92}.DEV2|Any CPU.ActiveCfg = Debug|Any CPU
		{4952293D-0EEC-4772-8854-4FE0F818CC92}.DEV2|Any CPU.Build.0 = Debug|Any CPU
		{4952293D-0EEC-4772-8854-4FE0F818CC92}.Release|Any CPU.ActiveCfg = Release|Any CPU
		{4952293D-0EEC-4772-8854-4FE0F818CC92}.Release|Any CPU.Build.0 = Release|Any CPU
		{0A228DCF-0770-433D-A2BE-6AE9993C7109}.Debug|Any CPU.ActiveCfg = Debug|Any CPU
		{0A228DCF-0770-433D-A2BE-6AE9993C7109}.Debug|Any CPU.Build.0 = Debug|Any CPU
		{0A228DCF-0770-433D-A2BE-6AE9993C7109}.DEV1|Any CPU.ActiveCfg = Debug|Any CPU
		{0A228DCF-0770-433D-A2BE-6AE9993C7109}.DEV1|Any CPU.Build.0 = Debug|Any CPU
		{0A228DCF-0770-433D-A2BE-6AE9993C7109}.DEV2|Any CPU.ActiveCfg = Debug|Any CPU
		{0A228DCF-0770-433D-A2BE-6AE9993C7109}.DEV2|Any CPU.Build.0 = Debug|Any CPU
		{0A228DCF-0770-433D-A2BE-6AE9993C7109}.Release|Any CPU.ActiveCfg = Release|Any CPU
		{0A228DCF-0770-433D-A2BE-6AE9993C7109}.Release|Any CPU.Build.0 = Release|Any CPU
		{54423E2D-C8F8-4C5E-A7C9-F7C4F358139B}.Debug|Any CPU.ActiveCfg = Debug|Any CPU
		{54423E2D-C8F8-4C5E-A7C9-F7C4F358139B}.Debug|Any CPU.Build.0 = Debug|Any CPU
		{54423E2D-C8F8-4C5E-A7C9-F7C4F358139B}.DEV1|Any CPU.ActiveCfg = Debug|Any CPU
		{54423E2D-C8F8-4C5E-A7C9-F7C4F358139B}.DEV1|Any CPU.Build.0 = Debug|Any CPU
		{54423E2D-C8F8-4C5E-A7C9-F7C4F358139B}.DEV2|Any CPU.ActiveCfg = Debug|Any CPU
		{54423E2D-C8F8-4C5E-A7C9-F7C4F358139B}.DEV2|Any CPU.Build.0 = Debug|Any CPU
		{54423E2D-C8F8-4C5E-A7C9-F7C4F358139B}.Release|Any CPU.ActiveCfg = Release|Any CPU
		{54423E2D-C8F8-4C5E-A7C9-F7C4F358139B}.Release|Any CPU.Build.0 = Release|Any CPU
		{1563AA30-4399-4E19-A661-02072E245F66}.Debug|Any CPU.ActiveCfg = Debug|Any CPU
		{1563AA30-4399-4E19-A661-02072E245F66}.Debug|Any CPU.Build.0 = Debug|Any CPU
		{1563AA30-4399-4E19-A661-02072E245F66}.DEV1|Any CPU.ActiveCfg = Debug|Any CPU
		{1563AA30-4399-4E19-A661-02072E245F66}.DEV1|Any CPU.Build.0 = Debug|Any CPU
		{1563AA30-4399-4E19-A661-02072E245F66}.DEV2|Any CPU.ActiveCfg = Debug|Any CPU
		{1563AA30-4399-4E19-A661-02072E245F66}.DEV2|Any CPU.Build.0 = Debug|Any CPU
		{1563AA30-4399-4E19-A661-02072E245F66}.Release|Any CPU.ActiveCfg = Release|Any CPU
		{1563AA30-4399-4E19-A661-02072E245F66}.Release|Any CPU.Build.0 = Release|Any CPU
		{2977ED71-1E02-4C18-9648-6FFE33F06312}.Debug|Any CPU.ActiveCfg = Debug|Any CPU
		{2977ED71-1E02-4C18-9648-6FFE33F06312}.Debug|Any CPU.Build.0 = Debug|Any CPU
		{2977ED71-1E02-4C18-9648-6FFE33F06312}.DEV1|Any CPU.ActiveCfg = Debug|Any CPU
		{2977ED71-1E02-4C18-9648-6FFE33F06312}.DEV1|Any CPU.Build.0 = Debug|Any CPU
		{2977ED71-1E02-4C18-9648-6FFE33F06312}.DEV2|Any CPU.ActiveCfg = Debug|Any CPU
		{2977ED71-1E02-4C18-9648-6FFE33F06312}.DEV2|Any CPU.Build.0 = Debug|Any CPU
		{2977ED71-1E02-4C18-9648-6FFE33F06312}.Release|Any CPU.ActiveCfg = Release|Any CPU
		{2977ED71-1E02-4C18-9648-6FFE33F06312}.Release|Any CPU.Build.0 = Release|Any CPU
		{BB1F79B0-3836-45F9-B3C6-732A1D56BC64}.Debug|Any CPU.ActiveCfg = Debug|Any CPU
		{BB1F79B0-3836-45F9-B3C6-732A1D56BC64}.Debug|Any CPU.Build.0 = Debug|Any CPU
		{BB1F79B0-3836-45F9-B3C6-732A1D56BC64}.DEV1|Any CPU.ActiveCfg = Debug|Any CPU
		{BB1F79B0-3836-45F9-B3C6-732A1D56BC64}.DEV1|Any CPU.Build.0 = Debug|Any CPU
		{BB1F79B0-3836-45F9-B3C6-732A1D56BC64}.DEV2|Any CPU.ActiveCfg = Debug|Any CPU
		{BB1F79B0-3836-45F9-B3C6-732A1D56BC64}.DEV2|Any CPU.Build.0 = Debug|Any CPU
		{BB1F79B0-3836-45F9-B3C6-732A1D56BC64}.Release|Any CPU.ActiveCfg = Release|Any CPU
		{BB1F79B0-3836-45F9-B3C6-732A1D56BC64}.Release|Any CPU.Build.0 = Release|Any CPU
		{4A880844-E629-4F2E-947E-5CB608249B75}.Debug|Any CPU.ActiveCfg = Debug|Any CPU
		{4A880844-E629-4F2E-947E-5CB608249B75}.Debug|Any CPU.Build.0 = Debug|Any CPU
		{4A880844-E629-4F2E-947E-5CB608249B75}.DEV1|Any CPU.ActiveCfg = Debug|Any CPU
		{4A880844-E629-4F2E-947E-5CB608249B75}.DEV1|Any CPU.Build.0 = Debug|Any CPU
		{4A880844-E629-4F2E-947E-5CB608249B75}.DEV2|Any CPU.ActiveCfg = Debug|Any CPU
		{4A880844-E629-4F2E-947E-5CB608249B75}.DEV2|Any CPU.Build.0 = Debug|Any CPU
		{4A880844-E629-4F2E-947E-5CB608249B75}.Release|Any CPU.ActiveCfg = Release|Any CPU
		{4A880844-E629-4F2E-947E-5CB608249B75}.Release|Any CPU.Build.0 = Release|Any CPU
		{50CB75A3-E903-40A9-BADC-BE6A836FDA90}.Debug|Any CPU.ActiveCfg = Debug|Any CPU
		{50CB75A3-E903-40A9-BADC-BE6A836FDA90}.Debug|Any CPU.Build.0 = Debug|Any CPU
		{50CB75A3-E903-40A9-BADC-BE6A836FDA90}.DEV1|Any CPU.ActiveCfg = Debug|Any CPU
		{50CB75A3-E903-40A9-BADC-BE6A836FDA90}.DEV1|Any CPU.Build.0 = Debug|Any CPU
		{50CB75A3-E903-40A9-BADC-BE6A836FDA90}.DEV2|Any CPU.ActiveCfg = Debug|Any CPU
		{50CB75A3-E903-40A9-BADC-BE6A836FDA90}.DEV2|Any CPU.Build.0 = Debug|Any CPU
		{50CB75A3-E903-40A9-BADC-BE6A836FDA90}.Release|Any CPU.ActiveCfg = Release|Any CPU
		{50CB75A3-E903-40A9-BADC-BE6A836FDA90}.Release|Any CPU.Build.0 = Release|Any CPU
		{74C1AEDF-A491-4078-8246-3D4D7788BCF2}.Debug|Any CPU.ActiveCfg = Debug|Any CPU
		{74C1AEDF-A491-4078-8246-3D4D7788BCF2}.Debug|Any CPU.Build.0 = Debug|Any CPU
		{74C1AEDF-A491-4078-8246-3D4D7788BCF2}.DEV1|Any CPU.ActiveCfg = Debug|Any CPU
		{74C1AEDF-A491-4078-8246-3D4D7788BCF2}.DEV1|Any CPU.Build.0 = Debug|Any CPU
		{74C1AEDF-A491-4078-8246-3D4D7788BCF2}.DEV2|Any CPU.ActiveCfg = Debug|Any CPU
		{74C1AEDF-A491-4078-8246-3D4D7788BCF2}.DEV2|Any CPU.Build.0 = Debug|Any CPU
		{74C1AEDF-A491-4078-8246-3D4D7788BCF2}.Release|Any CPU.ActiveCfg = Release|Any CPU
		{74C1AEDF-A491-4078-8246-3D4D7788BCF2}.Release|Any CPU.Build.0 = Release|Any CPU
		{D8895FC7-868C-4C01-B5CF-66C2F1BA0D60}.Debug|Any CPU.ActiveCfg = Debug|Any CPU
		{D8895FC7-868C-4C01-B5CF-66C2F1BA0D60}.Debug|Any CPU.Build.0 = Debug|Any CPU
		{D8895FC7-868C-4C01-B5CF-66C2F1BA0D60}.DEV1|Any CPU.ActiveCfg = Debug|Any CPU
		{D8895FC7-868C-4C01-B5CF-66C2F1BA0D60}.DEV1|Any CPU.Build.0 = Debug|Any CPU
		{D8895FC7-868C-4C01-B5CF-66C2F1BA0D60}.DEV2|Any CPU.ActiveCfg = Debug|Any CPU
		{D8895FC7-868C-4C01-B5CF-66C2F1BA0D60}.DEV2|Any CPU.Build.0 = Debug|Any CPU
		{D8895FC7-868C-4C01-B5CF-66C2F1BA0D60}.Release|Any CPU.ActiveCfg = Release|Any CPU
		{D8895FC7-868C-4C01-B5CF-66C2F1BA0D60}.Release|Any CPU.Build.0 = Release|Any CPU
		{4F1824E2-427D-40EF-960C-4286203275DD}.Debug|Any CPU.ActiveCfg = Debug|Any CPU
		{4F1824E2-427D-40EF-960C-4286203275DD}.Debug|Any CPU.Build.0 = Debug|Any CPU
		{4F1824E2-427D-40EF-960C-4286203275DD}.DEV1|Any CPU.ActiveCfg = Debug|Any CPU
		{4F1824E2-427D-40EF-960C-4286203275DD}.DEV1|Any CPU.Build.0 = Debug|Any CPU
		{4F1824E2-427D-40EF-960C-4286203275DD}.DEV2|Any CPU.ActiveCfg = Debug|Any CPU
		{4F1824E2-427D-40EF-960C-4286203275DD}.DEV2|Any CPU.Build.0 = Debug|Any CPU
		{4F1824E2-427D-40EF-960C-4286203275DD}.Release|Any CPU.ActiveCfg = Release|Any CPU
		{4F1824E2-427D-40EF-960C-4286203275DD}.Release|Any CPU.Build.0 = Release|Any CPU
		{FF0C8677-9B8E-4F3B-8419-49C3098FA707}.Debug|Any CPU.ActiveCfg = Debug|Any CPU
		{FF0C8677-9B8E-4F3B-8419-49C3098FA707}.Debug|Any CPU.Build.0 = Debug|Any CPU
		{FF0C8677-9B8E-4F3B-8419-49C3098FA707}.DEV1|Any CPU.ActiveCfg = Debug|Any CPU
		{FF0C8677-9B8E-4F3B-8419-49C3098FA707}.DEV1|Any CPU.Build.0 = Debug|Any CPU
		{FF0C8677-9B8E-4F3B-8419-49C3098FA707}.DEV2|Any CPU.ActiveCfg = Debug|Any CPU
		{FF0C8677-9B8E-4F3B-8419-49C3098FA707}.DEV2|Any CPU.Build.0 = Debug|Any CPU
		{FF0C8677-9B8E-4F3B-8419-49C3098FA707}.Release|Any CPU.ActiveCfg = Release|Any CPU
		{FF0C8677-9B8E-4F3B-8419-49C3098FA707}.Release|Any CPU.Build.0 = Release|Any CPU
		{B0BA508E-5A8E-4ADD-8B52-E24EA8F5BE80}.Debug|Any CPU.ActiveCfg = Debug|Any CPU
		{B0BA508E-5A8E-4ADD-8B52-E24EA8F5BE80}.Debug|Any CPU.Build.0 = Debug|Any CPU
		{B0BA508E-5A8E-4ADD-8B52-E24EA8F5BE80}.DEV1|Any CPU.ActiveCfg = Debug|Any CPU
		{B0BA508E-5A8E-4ADD-8B52-E24EA8F5BE80}.DEV1|Any CPU.Build.0 = Debug|Any CPU
		{B0BA508E-5A8E-4ADD-8B52-E24EA8F5BE80}.DEV2|Any CPU.ActiveCfg = Debug|Any CPU
		{B0BA508E-5A8E-4ADD-8B52-E24EA8F5BE80}.DEV2|Any CPU.Build.0 = Debug|Any CPU
		{B0BA508E-5A8E-4ADD-8B52-E24EA8F5BE80}.Release|Any CPU.ActiveCfg = Release|Any CPU
		{B0BA508E-5A8E-4ADD-8B52-E24EA8F5BE80}.Release|Any CPU.Build.0 = Release|Any CPU
		{2CF2D0C5-B4CE-40A3-A1FA-E3BE27E2339D}.Debug|Any CPU.ActiveCfg = Debug|Any CPU
		{2CF2D0C5-B4CE-40A3-A1FA-E3BE27E2339D}.Debug|Any CPU.Build.0 = Debug|Any CPU
		{2CF2D0C5-B4CE-40A3-A1FA-E3BE27E2339D}.DEV1|Any CPU.ActiveCfg = DEV1|Any CPU
		{2CF2D0C5-B4CE-40A3-A1FA-E3BE27E2339D}.DEV1|Any CPU.Build.0 = DEV1|Any CPU
		{2CF2D0C5-B4CE-40A3-A1FA-E3BE27E2339D}.DEV2|Any CPU.ActiveCfg = DEV2|Any CPU
		{2CF2D0C5-B4CE-40A3-A1FA-E3BE27E2339D}.DEV2|Any CPU.Build.0 = DEV2|Any CPU
		{2CF2D0C5-B4CE-40A3-A1FA-E3BE27E2339D}.Release|Any CPU.ActiveCfg = Release|Any CPU
		{2CF2D0C5-B4CE-40A3-A1FA-E3BE27E2339D}.Release|Any CPU.Build.0 = Release|Any CPU
		{B87C3034-DD84-460C-A6E1-55C5D62F8E93}.Debug|Any CPU.ActiveCfg = Debug|Any CPU
		{B87C3034-DD84-460C-A6E1-55C5D62F8E93}.Debug|Any CPU.Build.0 = Debug|Any CPU
		{B87C3034-DD84-460C-A6E1-55C5D62F8E93}.DEV1|Any CPU.ActiveCfg = Debug|Any CPU
		{B87C3034-DD84-460C-A6E1-55C5D62F8E93}.DEV1|Any CPU.Build.0 = Debug|Any CPU
		{B87C3034-DD84-460C-A6E1-55C5D62F8E93}.DEV2|Any CPU.ActiveCfg = Debug|Any CPU
		{B87C3034-DD84-460C-A6E1-55C5D62F8E93}.DEV2|Any CPU.Build.0 = Debug|Any CPU
		{B87C3034-DD84-460C-A6E1-55C5D62F8E93}.Release|Any CPU.ActiveCfg = Release|Any CPU
		{B87C3034-DD84-460C-A6E1-55C5D62F8E93}.Release|Any CPU.Build.0 = Release|Any CPU
		{6D72B792-5126-47EF-A5BB-58552DEA11C7}.Debug|Any CPU.ActiveCfg = Debug|Any CPU
		{6D72B792-5126-47EF-A5BB-58552DEA11C7}.Debug|Any CPU.Build.0 = Debug|Any CPU
		{6D72B792-5126-47EF-A5BB-58552DEA11C7}.DEV1|Any CPU.ActiveCfg = Debug|Any CPU
		{6D72B792-5126-47EF-A5BB-58552DEA11C7}.DEV1|Any CPU.Build.0 = Debug|Any CPU
		{6D72B792-5126-47EF-A5BB-58552DEA11C7}.DEV2|Any CPU.ActiveCfg = Debug|Any CPU
		{6D72B792-5126-47EF-A5BB-58552DEA11C7}.DEV2|Any CPU.Build.0 = Debug|Any CPU
		{6D72B792-5126-47EF-A5BB-58552DEA11C7}.Release|Any CPU.ActiveCfg = Release|Any CPU
		{6D72B792-5126-47EF-A5BB-58552DEA11C7}.Release|Any CPU.Build.0 = Release|Any CPU
		{B6EFBAAE-39A6-44F4-AF2D-A47BF238CD91}.Debug|Any CPU.ActiveCfg = Debug|Any CPU
		{B6EFBAAE-39A6-44F4-AF2D-A47BF238CD91}.Debug|Any CPU.Build.0 = Debug|Any CPU
		{B6EFBAAE-39A6-44F4-AF2D-A47BF238CD91}.DEV1|Any CPU.ActiveCfg = Debug|Any CPU
		{B6EFBAAE-39A6-44F4-AF2D-A47BF238CD91}.DEV1|Any CPU.Build.0 = Debug|Any CPU
		{B6EFBAAE-39A6-44F4-AF2D-A47BF238CD91}.DEV2|Any CPU.ActiveCfg = Debug|Any CPU
		{B6EFBAAE-39A6-44F4-AF2D-A47BF238CD91}.DEV2|Any CPU.Build.0 = Debug|Any CPU
		{B6EFBAAE-39A6-44F4-AF2D-A47BF238CD91}.Release|Any CPU.ActiveCfg = Release|Any CPU
		{B6EFBAAE-39A6-44F4-AF2D-A47BF238CD91}.Release|Any CPU.Build.0 = Release|Any CPU
		{C36AF01E-D689-49C0-B0C6-51C38DE14C6A}.Debug|Any CPU.ActiveCfg = Debug|Any CPU
		{C36AF01E-D689-49C0-B0C6-51C38DE14C6A}.Debug|Any CPU.Build.0 = Debug|Any CPU
		{C36AF01E-D689-49C0-B0C6-51C38DE14C6A}.DEV1|Any CPU.ActiveCfg = Debug|Any CPU
		{C36AF01E-D689-49C0-B0C6-51C38DE14C6A}.DEV1|Any CPU.Build.0 = Debug|Any CPU
		{C36AF01E-D689-49C0-B0C6-51C38DE14C6A}.DEV2|Any CPU.ActiveCfg = Debug|Any CPU
		{C36AF01E-D689-49C0-B0C6-51C38DE14C6A}.DEV2|Any CPU.Build.0 = Debug|Any CPU
		{C36AF01E-D689-49C0-B0C6-51C38DE14C6A}.Release|Any CPU.ActiveCfg = Release|Any CPU
		{C36AF01E-D689-49C0-B0C6-51C38DE14C6A}.Release|Any CPU.Build.0 = Release|Any CPU
		{E8042731-DA78-41FB-8CA6-61BD3938EBC1}.Debug|Any CPU.ActiveCfg = Debug|Any CPU
		{E8042731-DA78-41FB-8CA6-61BD3938EBC1}.Debug|Any CPU.Build.0 = Debug|Any CPU
		{E8042731-DA78-41FB-8CA6-61BD3938EBC1}.DEV1|Any CPU.ActiveCfg = Debug|Any CPU
		{E8042731-DA78-41FB-8CA6-61BD3938EBC1}.DEV1|Any CPU.Build.0 = Debug|Any CPU
		{E8042731-DA78-41FB-8CA6-61BD3938EBC1}.DEV2|Any CPU.ActiveCfg = Debug|Any CPU
		{E8042731-DA78-41FB-8CA6-61BD3938EBC1}.DEV2|Any CPU.Build.0 = Debug|Any CPU
		{E8042731-DA78-41FB-8CA6-61BD3938EBC1}.Release|Any CPU.ActiveCfg = Release|Any CPU
		{E8042731-DA78-41FB-8CA6-61BD3938EBC1}.Release|Any CPU.Build.0 = Release|Any CPU
		{6A875937-0058-45DD-92CC-342E86467C94}.Debug|Any CPU.ActiveCfg = Debug|Any CPU
		{6A875937-0058-45DD-92CC-342E86467C94}.Debug|Any CPU.Build.0 = Debug|Any CPU
		{6A875937-0058-45DD-92CC-342E86467C94}.DEV1|Any CPU.ActiveCfg = Debug|Any CPU
		{6A875937-0058-45DD-92CC-342E86467C94}.DEV1|Any CPU.Build.0 = Debug|Any CPU
		{6A875937-0058-45DD-92CC-342E86467C94}.DEV2|Any CPU.ActiveCfg = Debug|Any CPU
		{6A875937-0058-45DD-92CC-342E86467C94}.DEV2|Any CPU.Build.0 = Debug|Any CPU
		{6A875937-0058-45DD-92CC-342E86467C94}.Release|Any CPU.ActiveCfg = Release|Any CPU
		{6A875937-0058-45DD-92CC-342E86467C94}.Release|Any CPU.Build.0 = Release|Any CPU
		{671BDEAF-6C84-40F7-80EA-1735D623CF1E}.Debug|Any CPU.ActiveCfg = Debug|Any CPU
		{671BDEAF-6C84-40F7-80EA-1735D623CF1E}.Debug|Any CPU.Build.0 = Debug|Any CPU
		{671BDEAF-6C84-40F7-80EA-1735D623CF1E}.DEV1|Any CPU.ActiveCfg = Debug|Any CPU
		{671BDEAF-6C84-40F7-80EA-1735D623CF1E}.DEV1|Any CPU.Build.0 = Debug|Any CPU
		{671BDEAF-6C84-40F7-80EA-1735D623CF1E}.DEV2|Any CPU.ActiveCfg = Debug|Any CPU
		{671BDEAF-6C84-40F7-80EA-1735D623CF1E}.DEV2|Any CPU.Build.0 = Debug|Any CPU
		{671BDEAF-6C84-40F7-80EA-1735D623CF1E}.Release|Any CPU.ActiveCfg = Release|Any CPU
		{671BDEAF-6C84-40F7-80EA-1735D623CF1E}.Release|Any CPU.Build.0 = Release|Any CPU
		{81DD92EA-596B-4DEE-A782-F239B78B9290}.Debug|Any CPU.ActiveCfg = Debug|Any CPU
		{81DD92EA-596B-4DEE-A782-F239B78B9290}.Debug|Any CPU.Build.0 = Debug|Any CPU
		{81DD92EA-596B-4DEE-A782-F239B78B9290}.DEV1|Any CPU.ActiveCfg = Debug|Any CPU
		{81DD92EA-596B-4DEE-A782-F239B78B9290}.DEV1|Any CPU.Build.0 = Debug|Any CPU
		{81DD92EA-596B-4DEE-A782-F239B78B9290}.DEV2|Any CPU.ActiveCfg = Debug|Any CPU
		{81DD92EA-596B-4DEE-A782-F239B78B9290}.DEV2|Any CPU.Build.0 = Debug|Any CPU
		{81DD92EA-596B-4DEE-A782-F239B78B9290}.Release|Any CPU.ActiveCfg = Release|Any CPU
		{81DD92EA-596B-4DEE-A782-F239B78B9290}.Release|Any CPU.Build.0 = Release|Any CPU
		{43F70F7F-50FC-4080-876C-EAB2825D27D1}.Debug|Any CPU.ActiveCfg = Debug|Any CPU
		{43F70F7F-50FC-4080-876C-EAB2825D27D1}.Debug|Any CPU.Build.0 = Debug|Any CPU
		{43F70F7F-50FC-4080-876C-EAB2825D27D1}.DEV1|Any CPU.ActiveCfg = Debug|Any CPU
		{43F70F7F-50FC-4080-876C-EAB2825D27D1}.DEV1|Any CPU.Build.0 = Debug|Any CPU
		{43F70F7F-50FC-4080-876C-EAB2825D27D1}.DEV2|Any CPU.ActiveCfg = Debug|Any CPU
		{43F70F7F-50FC-4080-876C-EAB2825D27D1}.DEV2|Any CPU.Build.0 = Debug|Any CPU
		{43F70F7F-50FC-4080-876C-EAB2825D27D1}.Release|Any CPU.ActiveCfg = Release|Any CPU
		{43F70F7F-50FC-4080-876C-EAB2825D27D1}.Release|Any CPU.Build.0 = Release|Any CPU
		{3DDFE5B3-76E8-4503-9442-0D2A5179BBD4}.Debug|Any CPU.ActiveCfg = Debug|Any CPU
		{3DDFE5B3-76E8-4503-9442-0D2A5179BBD4}.Debug|Any CPU.Build.0 = Debug|Any CPU
		{3DDFE5B3-76E8-4503-9442-0D2A5179BBD4}.DEV1|Any CPU.ActiveCfg = Debug|Any CPU
		{3DDFE5B3-76E8-4503-9442-0D2A5179BBD4}.DEV1|Any CPU.Build.0 = Debug|Any CPU
		{3DDFE5B3-76E8-4503-9442-0D2A5179BBD4}.DEV2|Any CPU.ActiveCfg = Debug|Any CPU
		{3DDFE5B3-76E8-4503-9442-0D2A5179BBD4}.DEV2|Any CPU.Build.0 = Debug|Any CPU
		{3DDFE5B3-76E8-4503-9442-0D2A5179BBD4}.Release|Any CPU.ActiveCfg = Release|Any CPU
		{3DDFE5B3-76E8-4503-9442-0D2A5179BBD4}.Release|Any CPU.Build.0 = Release|Any CPU
		{B8FB6E36-1760-4154-9C0A-4F7B6FC64E80}.Debug|Any CPU.ActiveCfg = Debug|Any CPU
		{B8FB6E36-1760-4154-9C0A-4F7B6FC64E80}.Debug|Any CPU.Build.0 = Debug|Any CPU
		{B8FB6E36-1760-4154-9C0A-4F7B6FC64E80}.DEV1|Any CPU.ActiveCfg = Debug|Any CPU
		{B8FB6E36-1760-4154-9C0A-4F7B6FC64E80}.DEV1|Any CPU.Build.0 = Debug|Any CPU
		{B8FB6E36-1760-4154-9C0A-4F7B6FC64E80}.DEV2|Any CPU.ActiveCfg = Debug|Any CPU
		{B8FB6E36-1760-4154-9C0A-4F7B6FC64E80}.DEV2|Any CPU.Build.0 = Debug|Any CPU
		{B8FB6E36-1760-4154-9C0A-4F7B6FC64E80}.Release|Any CPU.ActiveCfg = Release|Any CPU
		{B8FB6E36-1760-4154-9C0A-4F7B6FC64E80}.Release|Any CPU.Build.0 = Release|Any CPU
		{C2C0F6EE-DBCE-40CB-858C-EB53749FA47B}.Debug|Any CPU.ActiveCfg = Debug|Any CPU
		{C2C0F6EE-DBCE-40CB-858C-EB53749FA47B}.Debug|Any CPU.Build.0 = Debug|Any CPU
		{C2C0F6EE-DBCE-40CB-858C-EB53749FA47B}.DEV1|Any CPU.ActiveCfg = Debug|Any CPU
		{C2C0F6EE-DBCE-40CB-858C-EB53749FA47B}.DEV1|Any CPU.Build.0 = Debug|Any CPU
		{C2C0F6EE-DBCE-40CB-858C-EB53749FA47B}.DEV2|Any CPU.ActiveCfg = Debug|Any CPU
		{C2C0F6EE-DBCE-40CB-858C-EB53749FA47B}.DEV2|Any CPU.Build.0 = Debug|Any CPU
		{C2C0F6EE-DBCE-40CB-858C-EB53749FA47B}.Release|Any CPU.ActiveCfg = Release|Any CPU
		{C2C0F6EE-DBCE-40CB-858C-EB53749FA47B}.Release|Any CPU.Build.0 = Release|Any CPU
		{DA13CD1B-B7F2-4208-918B-DEB9A6002A9A}.Debug|Any CPU.ActiveCfg = Debug|Any CPU
		{DA13CD1B-B7F2-4208-918B-DEB9A6002A9A}.Debug|Any CPU.Build.0 = Debug|Any CPU
		{DA13CD1B-B7F2-4208-918B-DEB9A6002A9A}.DEV1|Any CPU.ActiveCfg = Debug|Any CPU
		{DA13CD1B-B7F2-4208-918B-DEB9A6002A9A}.DEV1|Any CPU.Build.0 = Debug|Any CPU
		{DA13CD1B-B7F2-4208-918B-DEB9A6002A9A}.DEV2|Any CPU.ActiveCfg = Debug|Any CPU
		{DA13CD1B-B7F2-4208-918B-DEB9A6002A9A}.DEV2|Any CPU.Build.0 = Debug|Any CPU
		{DA13CD1B-B7F2-4208-918B-DEB9A6002A9A}.Release|Any CPU.ActiveCfg = Release|Any CPU
		{DA13CD1B-B7F2-4208-918B-DEB9A6002A9A}.Release|Any CPU.Build.0 = Release|Any CPU
		{69CC8737-02DA-4523-A67A-A851AA33586E}.Debug|Any CPU.ActiveCfg = Debug|Any CPU
		{69CC8737-02DA-4523-A67A-A851AA33586E}.Debug|Any CPU.Build.0 = Debug|Any CPU
		{69CC8737-02DA-4523-A67A-A851AA33586E}.DEV1|Any CPU.ActiveCfg = Debug|Any CPU
		{69CC8737-02DA-4523-A67A-A851AA33586E}.DEV1|Any CPU.Build.0 = Debug|Any CPU
		{69CC8737-02DA-4523-A67A-A851AA33586E}.DEV2|Any CPU.ActiveCfg = Debug|Any CPU
		{69CC8737-02DA-4523-A67A-A851AA33586E}.DEV2|Any CPU.Build.0 = Debug|Any CPU
		{69CC8737-02DA-4523-A67A-A851AA33586E}.Release|Any CPU.ActiveCfg = Release|Any CPU
		{69CC8737-02DA-4523-A67A-A851AA33586E}.Release|Any CPU.Build.0 = Release|Any CPU
		{7AA1310C-871F-429D-982C-1575508C69C1}.Debug|Any CPU.ActiveCfg = Debug|Any CPU
		{7AA1310C-871F-429D-982C-1575508C69C1}.Debug|Any CPU.Build.0 = Debug|Any CPU
		{7AA1310C-871F-429D-982C-1575508C69C1}.DEV1|Any CPU.ActiveCfg = Debug|Any CPU
		{7AA1310C-871F-429D-982C-1575508C69C1}.DEV1|Any CPU.Build.0 = Debug|Any CPU
		{7AA1310C-871F-429D-982C-1575508C69C1}.DEV2|Any CPU.ActiveCfg = Debug|Any CPU
		{7AA1310C-871F-429D-982C-1575508C69C1}.DEV2|Any CPU.Build.0 = Debug|Any CPU
		{7AA1310C-871F-429D-982C-1575508C69C1}.Release|Any CPU.ActiveCfg = Release|Any CPU
		{7AA1310C-871F-429D-982C-1575508C69C1}.Release|Any CPU.Build.0 = Release|Any CPU
		{AACAF14A-A9B6-4806-BF13-CB0F1AACAFCB}.Debug|Any CPU.ActiveCfg = Debug|Any CPU
		{AACAF14A-A9B6-4806-BF13-CB0F1AACAFCB}.Debug|Any CPU.Build.0 = Debug|Any CPU
		{AACAF14A-A9B6-4806-BF13-CB0F1AACAFCB}.DEV1|Any CPU.ActiveCfg = Debug|Any CPU
		{AACAF14A-A9B6-4806-BF13-CB0F1AACAFCB}.DEV1|Any CPU.Build.0 = Debug|Any CPU
		{AACAF14A-A9B6-4806-BF13-CB0F1AACAFCB}.DEV2|Any CPU.ActiveCfg = Debug|Any CPU
		{AACAF14A-A9B6-4806-BF13-CB0F1AACAFCB}.DEV2|Any CPU.Build.0 = Debug|Any CPU
		{AACAF14A-A9B6-4806-BF13-CB0F1AACAFCB}.Release|Any CPU.ActiveCfg = Release|Any CPU
		{AACAF14A-A9B6-4806-BF13-CB0F1AACAFCB}.Release|Any CPU.Build.0 = Release|Any CPU
		{0F2DABD2-F7D9-4CF6-A488-06AAB3B4C585}.Debug|Any CPU.ActiveCfg = Debug|Any CPU
		{0F2DABD2-F7D9-4CF6-A488-06AAB3B4C585}.Debug|Any CPU.Build.0 = Debug|Any CPU
		{0F2DABD2-F7D9-4CF6-A488-06AAB3B4C585}.DEV1|Any CPU.ActiveCfg = Debug|Any CPU
		{0F2DABD2-F7D9-4CF6-A488-06AAB3B4C585}.DEV1|Any CPU.Build.0 = Debug|Any CPU
		{0F2DABD2-F7D9-4CF6-A488-06AAB3B4C585}.DEV2|Any CPU.ActiveCfg = Debug|Any CPU
		{0F2DABD2-F7D9-4CF6-A488-06AAB3B4C585}.DEV2|Any CPU.Build.0 = Debug|Any CPU
		{0F2DABD2-F7D9-4CF6-A488-06AAB3B4C585}.Release|Any CPU.ActiveCfg = Release|Any CPU
		{0F2DABD2-F7D9-4CF6-A488-06AAB3B4C585}.Release|Any CPU.Build.0 = Release|Any CPU
		{E9F1CFC8-F4CF-4DAE-BE18-109717C719A9}.Debug|Any CPU.ActiveCfg = Debug|Any CPU
		{E9F1CFC8-F4CF-4DAE-BE18-109717C719A9}.Debug|Any CPU.Build.0 = Debug|Any CPU
		{E9F1CFC8-F4CF-4DAE-BE18-109717C719A9}.DEV1|Any CPU.ActiveCfg = Debug|Any CPU
		{E9F1CFC8-F4CF-4DAE-BE18-109717C719A9}.DEV1|Any CPU.Build.0 = Debug|Any CPU
		{E9F1CFC8-F4CF-4DAE-BE18-109717C719A9}.DEV2|Any CPU.ActiveCfg = Debug|Any CPU
		{E9F1CFC8-F4CF-4DAE-BE18-109717C719A9}.DEV2|Any CPU.Build.0 = Debug|Any CPU
		{E9F1CFC8-F4CF-4DAE-BE18-109717C719A9}.Release|Any CPU.ActiveCfg = Release|Any CPU
		{E9F1CFC8-F4CF-4DAE-BE18-109717C719A9}.Release|Any CPU.Build.0 = Release|Any CPU
		{D1256FE6-4018-428E-AAC7-33F6BFD47B8F}.Debug|Any CPU.ActiveCfg = Debug|Any CPU
		{D1256FE6-4018-428E-AAC7-33F6BFD47B8F}.Debug|Any CPU.Build.0 = Debug|Any CPU
		{D1256FE6-4018-428E-AAC7-33F6BFD47B8F}.DEV1|Any CPU.ActiveCfg = Debug|Any CPU
		{D1256FE6-4018-428E-AAC7-33F6BFD47B8F}.DEV1|Any CPU.Build.0 = Debug|Any CPU
		{D1256FE6-4018-428E-AAC7-33F6BFD47B8F}.DEV2|Any CPU.ActiveCfg = Debug|Any CPU
		{D1256FE6-4018-428E-AAC7-33F6BFD47B8F}.DEV2|Any CPU.Build.0 = Debug|Any CPU
		{D1256FE6-4018-428E-AAC7-33F6BFD47B8F}.Release|Any CPU.ActiveCfg = Release|Any CPU
		{D1256FE6-4018-428E-AAC7-33F6BFD47B8F}.Release|Any CPU.Build.0 = Release|Any CPU
		{3C55ECF0-50C1-4A1A-B95A-7CEC1B398499}.Debug|Any CPU.ActiveCfg = Debug|Any CPU
		{3C55ECF0-50C1-4A1A-B95A-7CEC1B398499}.Debug|Any CPU.Build.0 = Debug|Any CPU
		{3C55ECF0-50C1-4A1A-B95A-7CEC1B398499}.DEV1|Any CPU.ActiveCfg = Debug|Any CPU
		{3C55ECF0-50C1-4A1A-B95A-7CEC1B398499}.DEV1|Any CPU.Build.0 = Debug|Any CPU
		{3C55ECF0-50C1-4A1A-B95A-7CEC1B398499}.DEV2|Any CPU.ActiveCfg = Debug|Any CPU
		{3C55ECF0-50C1-4A1A-B95A-7CEC1B398499}.DEV2|Any CPU.Build.0 = Debug|Any CPU
		{3C55ECF0-50C1-4A1A-B95A-7CEC1B398499}.Release|Any CPU.ActiveCfg = Release|Any CPU
		{3C55ECF0-50C1-4A1A-B95A-7CEC1B398499}.Release|Any CPU.Build.0 = Release|Any CPU
		{7A9AA737-1753-4D7C-B786-9A84A034813B}.Debug|Any CPU.ActiveCfg = Debug|Any CPU
		{7A9AA737-1753-4D7C-B786-9A84A034813B}.Debug|Any CPU.Build.0 = Debug|Any CPU
		{7A9AA737-1753-4D7C-B786-9A84A034813B}.DEV1|Any CPU.ActiveCfg = Debug|Any CPU
		{7A9AA737-1753-4D7C-B786-9A84A034813B}.DEV1|Any CPU.Build.0 = Debug|Any CPU
		{7A9AA737-1753-4D7C-B786-9A84A034813B}.DEV2|Any CPU.ActiveCfg = Debug|Any CPU
		{7A9AA737-1753-4D7C-B786-9A84A034813B}.DEV2|Any CPU.Build.0 = Debug|Any CPU
		{7A9AA737-1753-4D7C-B786-9A84A034813B}.Release|Any CPU.ActiveCfg = Release|Any CPU
		{7A9AA737-1753-4D7C-B786-9A84A034813B}.Release|Any CPU.Build.0 = Release|Any CPU
		{592507AF-77ED-4135-876B-52CBDD9F778B}.Debug|Any CPU.ActiveCfg = Debug|Any CPU
		{592507AF-77ED-4135-876B-52CBDD9F778B}.Debug|Any CPU.Build.0 = Debug|Any CPU
		{592507AF-77ED-4135-876B-52CBDD9F778B}.DEV1|Any CPU.ActiveCfg = Debug|Any CPU
		{592507AF-77ED-4135-876B-52CBDD9F778B}.DEV1|Any CPU.Build.0 = Debug|Any CPU
		{592507AF-77ED-4135-876B-52CBDD9F778B}.DEV2|Any CPU.ActiveCfg = Debug|Any CPU
		{592507AF-77ED-4135-876B-52CBDD9F778B}.DEV2|Any CPU.Build.0 = Debug|Any CPU
		{592507AF-77ED-4135-876B-52CBDD9F778B}.Release|Any CPU.ActiveCfg = Release|Any CPU
		{592507AF-77ED-4135-876B-52CBDD9F778B}.Release|Any CPU.Build.0 = Release|Any CPU
		{E71C8AA0-DFB3-4B0D-A9F2-66A2106FB941}.Debug|Any CPU.ActiveCfg = Debug|Any CPU
		{E71C8AA0-DFB3-4B0D-A9F2-66A2106FB941}.Debug|Any CPU.Build.0 = Debug|Any CPU
		{E71C8AA0-DFB3-4B0D-A9F2-66A2106FB941}.DEV1|Any CPU.ActiveCfg = Debug|Any CPU
		{E71C8AA0-DFB3-4B0D-A9F2-66A2106FB941}.DEV1|Any CPU.Build.0 = Debug|Any CPU
		{E71C8AA0-DFB3-4B0D-A9F2-66A2106FB941}.DEV2|Any CPU.ActiveCfg = Debug|Any CPU
		{E71C8AA0-DFB3-4B0D-A9F2-66A2106FB941}.DEV2|Any CPU.Build.0 = Debug|Any CPU
		{E71C8AA0-DFB3-4B0D-A9F2-66A2106FB941}.Release|Any CPU.ActiveCfg = Release|Any CPU
		{E71C8AA0-DFB3-4B0D-A9F2-66A2106FB941}.Release|Any CPU.Build.0 = Release|Any CPU
		{634E3B8C-12DF-4C82-B695-5AFCAA8A5755}.Debug|Any CPU.ActiveCfg = Debug|Any CPU
		{634E3B8C-12DF-4C82-B695-5AFCAA8A5755}.Debug|Any CPU.Build.0 = Debug|Any CPU
		{634E3B8C-12DF-4C82-B695-5AFCAA8A5755}.DEV1|Any CPU.ActiveCfg = Debug|Any CPU
		{634E3B8C-12DF-4C82-B695-5AFCAA8A5755}.DEV1|Any CPU.Build.0 = Debug|Any CPU
		{634E3B8C-12DF-4C82-B695-5AFCAA8A5755}.DEV2|Any CPU.ActiveCfg = Debug|Any CPU
		{634E3B8C-12DF-4C82-B695-5AFCAA8A5755}.DEV2|Any CPU.Build.0 = Debug|Any CPU
		{634E3B8C-12DF-4C82-B695-5AFCAA8A5755}.Release|Any CPU.ActiveCfg = Release|Any CPU
		{634E3B8C-12DF-4C82-B695-5AFCAA8A5755}.Release|Any CPU.Build.0 = Release|Any CPU
		{0CFF60BB-38E4-4C3C-8AB3-775EEEFB0ACE}.Debug|Any CPU.ActiveCfg = Debug|Any CPU
		{0CFF60BB-38E4-4C3C-8AB3-775EEEFB0ACE}.Debug|Any CPU.Build.0 = Debug|Any CPU
		{0CFF60BB-38E4-4C3C-8AB3-775EEEFB0ACE}.DEV1|Any CPU.ActiveCfg = Debug|Any CPU
		{0CFF60BB-38E4-4C3C-8AB3-775EEEFB0ACE}.DEV1|Any CPU.Build.0 = Debug|Any CPU
		{0CFF60BB-38E4-4C3C-8AB3-775EEEFB0ACE}.DEV2|Any CPU.ActiveCfg = Debug|Any CPU
		{0CFF60BB-38E4-4C3C-8AB3-775EEEFB0ACE}.DEV2|Any CPU.Build.0 = Debug|Any CPU
		{0CFF60BB-38E4-4C3C-8AB3-775EEEFB0ACE}.Release|Any CPU.ActiveCfg = Release|Any CPU
		{0CFF60BB-38E4-4C3C-8AB3-775EEEFB0ACE}.Release|Any CPU.Build.0 = Release|Any CPU
		{61B83E64-7AA3-407C-BDCD-042CB6FBED35}.Debug|Any CPU.ActiveCfg = Debug|Any CPU
		{61B83E64-7AA3-407C-BDCD-042CB6FBED35}.Debug|Any CPU.Build.0 = Debug|Any CPU
		{61B83E64-7AA3-407C-BDCD-042CB6FBED35}.DEV1|Any CPU.ActiveCfg = Debug|Any CPU
		{61B83E64-7AA3-407C-BDCD-042CB6FBED35}.DEV1|Any CPU.Build.0 = Debug|Any CPU
		{61B83E64-7AA3-407C-BDCD-042CB6FBED35}.DEV2|Any CPU.ActiveCfg = Debug|Any CPU
		{61B83E64-7AA3-407C-BDCD-042CB6FBED35}.DEV2|Any CPU.Build.0 = Debug|Any CPU
		{61B83E64-7AA3-407C-BDCD-042CB6FBED35}.Release|Any CPU.ActiveCfg = Release|Any CPU
		{61B83E64-7AA3-407C-BDCD-042CB6FBED35}.Release|Any CPU.Build.0 = Release|Any CPU
	EndGlobalSection
	GlobalSection(SolutionProperties) = preSolution
		HideSolutionNode = FALSE
	EndGlobalSection
	GlobalSection(NestedProjects) = preSolution
		{DCDDC0C1-F67C-4A01-A354-2F62C5FD496D} = {10050584-2309-4B6F-9C79-01127BC582AD}
		{7A7C9DC4-B47F-40CC-992A-C113DCA8A161} = {E9D1D080-B9E3-4FD1-9A8A-BF756F2DA223}
		{27C3026B-DA20-4986-8924-94EE052935A4} = {E9D1D080-B9E3-4FD1-9A8A-BF756F2DA223}
		{FB77673B-3541-4880-A63C-46395C7B5DFD} = {10050584-2309-4B6F-9C79-01127BC582AD}
		{222278D6-81F4-4BE6-973B-6D534DE47E8E} = {DCDDC0C1-F67C-4A01-A354-2F62C5FD496D}
		{4952293D-0EEC-4772-8854-4FE0F818CC92} = {18B03637-2A3D-45A1-89F9-DE53B5104495}
		{0A228DCF-0770-433D-A2BE-6AE9993C7109} = {DCDDC0C1-F67C-4A01-A354-2F62C5FD496D}
		{54423E2D-C8F8-4C5E-A7C9-F7C4F358139B} = {27C3026B-DA20-4986-8924-94EE052935A4}
		{1563AA30-4399-4E19-A661-02072E245F66} = {FB77673B-3541-4880-A63C-46395C7B5DFD}
		{2977ED71-1E02-4C18-9648-6FFE33F06312} = {FB77673B-3541-4880-A63C-46395C7B5DFD}
		{18B03637-2A3D-45A1-89F9-DE53B5104495} = {7A7C9DC4-B47F-40CC-992A-C113DCA8A161}
		{BB1F79B0-3836-45F9-B3C6-732A1D56BC64} = {27C3026B-DA20-4986-8924-94EE052935A4}
		{4A880844-E629-4F2E-947E-5CB608249B75} = {DCDDC0C1-F67C-4A01-A354-2F62C5FD496D}
		{10050584-2309-4B6F-9C79-01127BC582AD} = {E9D1D080-B9E3-4FD1-9A8A-BF756F2DA223}
		{50CB75A3-E903-40A9-BADC-BE6A836FDA90} = {DCDDC0C1-F67C-4A01-A354-2F62C5FD496D}
		{7E78B03F-7CBF-497C-8A9F-88C1EC0CD180} = {BC784D41-9E6A-4FB0-9EF8-CDCBB19224BF}
		{74C1AEDF-A491-4078-8246-3D4D7788BCF2} = {7E78B03F-7CBF-497C-8A9F-88C1EC0CD180}
		{D8895FC7-868C-4C01-B5CF-66C2F1BA0D60} = {DCDDC0C1-F67C-4A01-A354-2F62C5FD496D}
		{4F1824E2-427D-40EF-960C-4286203275DD} = {FB77673B-3541-4880-A63C-46395C7B5DFD}
		{A41DC669-99DE-4351-A273-03A1D11E97B6} = {E9D1D080-B9E3-4FD1-9A8A-BF756F2DA223}
		{FF0C8677-9B8E-4F3B-8419-49C3098FA707} = {A41DC669-99DE-4351-A273-03A1D11E97B6}
		{B0BA508E-5A8E-4ADD-8B52-E24EA8F5BE80} = {A41DC669-99DE-4351-A273-03A1D11E97B6}
		{2206DA89-1090-4AE1-AE90-8B93D419AD13} = {10050584-2309-4B6F-9C79-01127BC582AD}
		{2CF2D0C5-B4CE-40A3-A1FA-E3BE27E2339D} = {2206DA89-1090-4AE1-AE90-8B93D419AD13}
		{B87C3034-DD84-460C-A6E1-55C5D62F8E93} = {7E78B03F-7CBF-497C-8A9F-88C1EC0CD180}
		{6D72B792-5126-47EF-A5BB-58552DEA11C7} = {DCDDC0C1-F67C-4A01-A354-2F62C5FD496D}
		{B6EFBAAE-39A6-44F4-AF2D-A47BF238CD91} = {1952391A-9B0F-4F94-8518-D18DE2468356}
		{7D3F3E32-B76A-4FA9-B535-943A9603C3E7} = {10050584-2309-4B6F-9C79-01127BC582AD}
		{C36AF01E-D689-49C0-B0C6-51C38DE14C6A} = {7D3F3E32-B76A-4FA9-B535-943A9603C3E7}
		{E8042731-DA78-41FB-8CA6-61BD3938EBC1} = {7D3F3E32-B76A-4FA9-B535-943A9603C3E7}
		{6A875937-0058-45DD-92CC-342E86467C94} = {7D3F3E32-B76A-4FA9-B535-943A9603C3E7}
		{671BDEAF-6C84-40F7-80EA-1735D623CF1E} = {7D3F3E32-B76A-4FA9-B535-943A9603C3E7}
		{81DD92EA-596B-4DEE-A782-F239B78B9290} = {DCDDC0C1-F67C-4A01-A354-2F62C5FD496D}
		{43F70F7F-50FC-4080-876C-EAB2825D27D1} = {7D3F3E32-B76A-4FA9-B535-943A9603C3E7}
		{3DDFE5B3-76E8-4503-9442-0D2A5179BBD4} = {7D3F3E32-B76A-4FA9-B535-943A9603C3E7}
		{B8FB6E36-1760-4154-9C0A-4F7B6FC64E80} = {2206DA89-1090-4AE1-AE90-8B93D419AD13}
		{1952391A-9B0F-4F94-8518-D18DE2468356} = {BC784D41-9E6A-4FB0-9EF8-CDCBB19224BF}
		{C2C0F6EE-DBCE-40CB-858C-EB53749FA47B} = {A41DC669-99DE-4351-A273-03A1D11E97B6}
		{DA13CD1B-B7F2-4208-918B-DEB9A6002A9A} = {A41DC669-99DE-4351-A273-03A1D11E97B6}
		{5103FF57-B68B-41C2-9FC3-7B475689067E} = {27C3026B-DA20-4986-8924-94EE052935A4}
		{69CC8737-02DA-4523-A67A-A851AA33586E} = {5103FF57-B68B-41C2-9FC3-7B475689067E}
		{7AA1310C-871F-429D-982C-1575508C69C1} = {5103FF57-B68B-41C2-9FC3-7B475689067E}
		{AACAF14A-A9B6-4806-BF13-CB0F1AACAFCB} = {A41DC669-99DE-4351-A273-03A1D11E97B6}
		{39066219-42CD-488F-810C-7AA55308DBF9} = {10050584-2309-4B6F-9C79-01127BC582AD}
		{0F2DABD2-F7D9-4CF6-A488-06AAB3B4C585} = {39066219-42CD-488F-810C-7AA55308DBF9}
		{D5C56F8B-C9A0-4DF8-BFCA-7F5B618AAFD8} = {4E803CE7-7088-487D-AF69-BA2C63040527}
		{79EBD805-B605-497D-AF21-23E675DF829C} = {F1563F88-3D1B-49AD-BF8E-3F5D189C6223}
		{F1563F88-3D1B-49AD-BF8E-3F5D189C6223} = {4E803CE7-7088-487D-AF69-BA2C63040527}
		{E9F1CFC8-F4CF-4DAE-BE18-109717C719A9} = {79EBD805-B605-497D-AF21-23E675DF829C}
		{D1256FE6-4018-428E-AAC7-33F6BFD47B8F} = {DCDDC0C1-F67C-4A01-A354-2F62C5FD496D}
		{3C55ECF0-50C1-4A1A-B95A-7CEC1B398499} = {DCDDC0C1-F67C-4A01-A354-2F62C5FD496D}
		{7A9AA737-1753-4D7C-B786-9A84A034813B} = {7D3F3E32-B76A-4FA9-B535-943A9603C3E7}
		{592507AF-77ED-4135-876B-52CBDD9F778B} = {7D3F3E32-B76A-4FA9-B535-943A9603C3E7}
		{E71C8AA0-DFB3-4B0D-A9F2-66A2106FB941} = {7D3F3E32-B76A-4FA9-B535-943A9603C3E7}
		{634E3B8C-12DF-4C82-B695-5AFCAA8A5755} = {DCDDC0C1-F67C-4A01-A354-2F62C5FD496D}
		{BC784D41-9E6A-4FB0-9EF8-CDCBB19224BF} = {27C3026B-DA20-4986-8924-94EE052935A4}
		{0CFF60BB-38E4-4C3C-8AB3-775EEEFB0ACE} = {BC784D41-9E6A-4FB0-9EF8-CDCBB19224BF}
		{DD5CFBF8-995C-4199-9943-E4951B951B15} = {D5C56F8B-C9A0-4DF8-BFCA-7F5B618AAFD8}
		{61B83E64-7AA3-407C-BDCD-042CB6FBED35} = {DD5CFBF8-995C-4199-9943-E4951B951B15}
	EndGlobalSection
EndGlobal
